
Microsoft Visual Studio Solution File, Format Version 12.00
# Visual Studio Version 17
VisualStudioVersion = 17.10.34928.147
MinimumVisualStudioVersion = 10.0.40219.1
Project("{FAE04EC0-301F-11D3-BF4B-00C04F79EFBC}") = "LearningManagementSystem.Application", "LearningManagementSystem.Application\LearningManagementSystem.Application.csproj", "{28550258-288B-49AA-A24E-D3E3E84D28F0}"
EndProject
Project("{FAE04EC0-301F-11D3-BF4B-00C04F79EFBC}") = "LearningManagementSystem.DataAccess", "LearningManagementSystem.DataAccess\LearningManagementSystem.DataAccess.csproj", "{A8A49FF7-3806-414D-956C-C8D8F91D13B1}"
EndProject
Project("{FAE04EC0-301F-11D3-BF4B-00C04F79EFBC}") = "LearningManagementSystem.Core", "LearningManagementSystem.Core\LearningManagementSystem.Core.csproj", "{2850598D-DD24-437B-9751-4AFBD41630DB}"
EndProject
Project("{FAE04EC0-301F-11D3-BF4B-00C04F79EFBC}") = "LearningManagementSystem.Api", "LearningManagementSystem.Api\LearningManagementSystem.Api.csproj", "{18FC4CBA-F521-41E3-A5E8-3577DF87ACF8}"
EndProject
Global
	GlobalSection(SolutionConfigurationPlatforms) = preSolution
		Debug|Any CPU = Debug|Any CPU
		Release|Any CPU = Release|Any CPU
	EndGlobalSection
	GlobalSection(ProjectConfigurationPlatforms) = postSolution
		{28550258-288B-49AA-A24E-D3E3E84D28F0}.Debug|Any CPU.ActiveCfg = Debug|Any CPU
		{28550258-288B-49AA-A24E-D3E3E84D28F0}.Debug|Any CPU.Build.0 = Debug|Any CPU
		{28550258-288B-49AA-A24E-D3E3E84D28F0}.Release|Any CPU.ActiveCfg = Release|Any CPU
		{28550258-288B-49AA-A24E-D3E3E84D28F0}.Release|Any CPU.Build.0 = Release|Any CPU
		{A8A49FF7-3806-414D-956C-C8D8F91D13B1}.Debug|Any CPU.ActiveCfg = Debug|Any CPU
		{A8A49FF7-3806-414D-956C-C8D8F91D13B1}.Debug|Any CPU.Build.0 = Debug|Any CPU
		{A8A49FF7-3806-414D-956C-C8D8F91D13B1}.Release|Any CPU.ActiveCfg = Release|Any CPU
		{A8A49FF7-3806-414D-956C-C8D8F91D13B1}.Release|Any CPU.Build.0 = Release|Any CPU
		{2850598D-DD24-437B-9751-4AFBD41630DB}.Debug|Any CPU.ActiveCfg = Debug|Any CPU
		{2850598D-DD24-437B-9751-4AFBD41630DB}.Debug|Any CPU.Build.0 = Debug|Any CPU
		{2850598D-DD24-437B-9751-4AFBD41630DB}.Release|Any CPU.ActiveCfg = Release|Any CPU
		{2850598D-DD24-437B-9751-4AFBD41630DB}.Release|Any CPU.Build.0 = Release|Any CPU
		{18FC4CBA-F521-41E3-A5E8-3577DF87ACF8}.Debug|Any CPU.ActiveCfg = Debug|Any CPU
		{18FC4CBA-F521-41E3-A5E8-3577DF87ACF8}.Debug|Any CPU.Build.0 = Debug|Any CPU
		{18FC4CBA-F521-41E3-A5E8-3577DF87ACF8}.Release|Any CPU.ActiveCfg = Release|Any CPU
		{18FC4CBA-F521-41E3-A5E8-3577DF87ACF8}.Release|Any CPU.Build.0 = Release|Any CPU
	EndGlobalSection
	GlobalSection(SolutionProperties) = preSolution
		HideSolutionNode = FALSE
	EndGlobalSection
	GlobalSection(ExtensibilityGlobals) = postSolution
		SolutionGuid = {B09DE566-5195-4488-8356-B897B045048F}
	EndGlobalSection
EndGlobal
